
Microsoft Visual Studio Solution File, Format Version 12.00
# Visual Studio 2012
Project("{FAE04EC0-301F-11D3-BF4B-00C04F79EFBC}") = "ProjeOdevi", "ProjeOdevi\ProjeOdevi.csproj", "{42FAD885-B019-44E2-BC80-D0AFFBC485C3}"
EndProject
Project("{FAE04EC0-301F-11D3-BF4B-00C04F79EFBC}") = "DAL", "DAL\DAL.csproj", "{0EDB818C-A6B4-4F9E-8731-0809BAE358A4}"
EndProject
Project("{FAE04EC0-301F-11D3-BF4B-00C04F79EFBC}") = "BLL", "BLL\BLL.csproj", "{D404E161-C19B-4C8E-9FCC-63D045F1CCC8}"
EndProject
Global
	GlobalSection(SolutionConfigurationPlatforms) = preSolution
		Debug|Any CPU = Debug|Any CPU
		Release|Any CPU = Release|Any CPU
	EndGlobalSection
	GlobalSection(ProjectConfigurationPlatforms) = postSolution
		{42FAD885-B019-44E2-BC80-D0AFFBC485C3}.Debug|Any CPU.ActiveCfg = Debug|Any CPU
		{42FAD885-B019-44E2-BC80-D0AFFBC485C3}.Debug|Any CPU.Build.0 = Debug|Any CPU
		{42FAD885-B019-44E2-BC80-D0AFFBC485C3}.Release|Any CPU.ActiveCfg = Release|Any CPU
		{42FAD885-B019-44E2-BC80-D0AFFBC485C3}.Release|Any CPU.Build.0 = Release|Any CPU
		{0EDB818C-A6B4-4F9E-8731-0809BAE358A4}.Debug|Any CPU.ActiveCfg = Debug|Any CPU
		{0EDB818C-A6B4-4F9E-8731-0809BAE358A4}.Debug|Any CPU.Build.0 = Debug|Any CPU
		{0EDB818C-A6B4-4F9E-8731-0809BAE358A4}.Release|Any CPU.ActiveCfg = Release|Any CPU
		{0EDB818C-A6B4-4F9E-8731-0809BAE358A4}.Release|Any CPU.Build.0 = Release|Any CPU
		{D404E161-C19B-4C8E-9FCC-63D045F1CCC8}.Debug|Any CPU.ActiveCfg = Debug|Any CPU
		{D404E161-C19B-4C8E-9FCC-63D045F1CCC8}.Debug|Any CPU.Build.0 = Debug|Any CPU
		{D404E161-C19B-4C8E-9FCC-63D045F1CCC8}.Release|Any CPU.ActiveCfg = Release|Any CPU
		{D404E161-C19B-4C8E-9FCC-63D045F1CCC8}.Release|Any CPU.Build.0 = Release|Any CPU
	EndGlobalSection
	GlobalSection(SolutionProperties) = preSolution
		HideSolutionNode = FALSE
	EndGlobalSection
EndGlobal
